
Microsoft Visual Studio Solution File, Format Version 12.00
# Visual Studio 14
VisualStudioVersion = 14.0.23107.0
MinimumVisualStudioVersion = 10.0.40219.1
Project("{FAE04EC0-301F-11D3-BF4B-00C04F79EFBC}") = "DemoApplication4", "DemoApplication4\DemoApplication4.csproj", "{3D56D241-612A-45CD-A35B-E95373503831}"
EndProject
Project("{FAE04EC0-301F-11D3-BF4B-00C04F79EFBC}") = "DemoApplication4Test", "DemoApplication4Test\DemoApplication4Test.csproj", "{81151F60-853F-42E0-8B63-A5BD7FB2FBD8}"
EndProject
Global
	GlobalSection(SolutionConfigurationPlatforms) = preSolution
		Debug|Any CPU = Debug|Any CPU
		Release|Any CPU = Release|Any CPU
	EndGlobalSection
	GlobalSection(ProjectConfigurationPlatforms) = postSolution
		{3D56D241-612A-45CD-A35B-E95373503831}.Debug|Any CPU.ActiveCfg = Debug|Any CPU
		{3D56D241-612A-45CD-A35B-E95373503831}.Debug|Any CPU.Build.0 = Debug|Any CPU
		{3D56D241-612A-45CD-A35B-E95373503831}.Release|Any CPU.ActiveCfg = Release|Any CPU
		{3D56D241-612A-45CD-A35B-E95373503831}.Release|Any CPU.Build.0 = Release|Any CPU
		{81151F60-853F-42E0-8B63-A5BD7FB2FBD8}.Debug|Any CPU.ActiveCfg = Debug|Any CPU
		{81151F60-853F-42E0-8B63-A5BD7FB2FBD8}.Debug|Any CPU.Build.0 = Debug|Any CPU
		{81151F60-853F-42E0-8B63-A5BD7FB2FBD8}.Release|Any CPU.ActiveCfg = Release|Any CPU
		{81151F60-853F-42E0-8B63-A5BD7FB2FBD8}.Release|Any CPU.Build.0 = Release|Any CPU
	EndGlobalSection
	GlobalSection(SolutionProperties) = preSolution
		HideSolutionNode = FALSE
	EndGlobalSection
EndGlobal
